
Microsoft Visual Studio Solution File, Format Version 12.00
# Visual Studio Version 17
VisualStudioVersion = 17.9.34407.89
MinimumVisualStudioVersion = 10.0.40219.1
Project("{FAE04EC0-301F-11D3-BF4B-00C04F79EFBC}") = "CreateSqlCerts", "CreateSqlCerts\CreateSqlCerts.csproj", "{1AC4F9AC-FAAA-4B4D-A36E-170C550126AB}"
EndProject
Global
	GlobalSection(SolutionConfigurationPlatforms) = preSolution
		Debug|Any CPU = Debug|Any CPU
		Release|Any CPU = Release|Any CPU
	EndGlobalSection
	GlobalSection(ProjectConfigurationPlatforms) = postSolution
		{1AC4F9AC-FAAA-4B4D-A36E-170C550126AB}.Debug|Any CPU.ActiveCfg = Debug|Any CPU
		{1AC4F9AC-FAAA-4B4D-A36E-170C550126AB}.Debug|Any CPU.Build.0 = Debug|Any CPU
		{1AC4F9AC-FAAA-4B4D-A36E-170C550126AB}.Release|Any CPU.ActiveCfg = Release|Any CPU
		{1AC4F9AC-FAAA-4B4D-A36E-170C550126AB}.Release|Any CPU.Build.0 = Release|Any CPU
	EndGlobalSection
	GlobalSection(SolutionProperties) = preSolution
		HideSolutionNode = FALSE
	EndGlobalSection
	GlobalSection(ExtensibilityGlobals) = postSolution
		SolutionGuid = {065349AB-02DD-4090-AD86-1A8378E0EF88}
	EndGlobalSection
EndGlobal
